{
  "name": "jesus",
  "version": "1.0.0",
  "lockfileVersion": 1,
  "requires": true,
  "dependencies": {
    "dragscroll": {
      "version": "0.0.8",
      "resolved": "https://registry.npmjs.org/dragscroll/-/dragscroll-0.0.8.tgz",
      "integrity": "sha1-3kdx5fOhTXe1g+zvXTi9lhjydWM="
    }
  }
}
